
Microsoft Visual Studio Solution File, Format Version 12.00
Project("{2150E333-8FDC-42A3-9474-1A3956D46DE8}") = "Bootstrapper", "Bootstrapper", "{E4956E0B-6739-4C45-B8F8-9D2D2C93C87E}"
EndProject
Project("{2150E333-8FDC-42A3-9474-1A3956D46DE8}") = "Modules", "Modules", "{2BDBAD97-3E20-44CE-A9CA-3629454CCB4B}"
EndProject
Project("{2150E333-8FDC-42A3-9474-1A3956D46DE8}") = "Shared", "Shared", "{227B4153-E2FA-4A14-9A4E-A9CCC2262821}"
EndProject
Project("{FAE04EC0-301F-11D3-BF4B-00C04F79EFBC}") = "Api", "Api\Api.csproj", "{F44268B9-D5F9-470E-B5C6-16D1A99DD3BA}"
EndProject
Project("{2150E333-8FDC-42A3-9474-1A3956D46DE8}") = "Membership", "Membership", "{0A08EC5E-85DC-40D9-B6E3-5653EEC7FF4D}"
EndProject
Project("{2150E333-8FDC-42A3-9474-1A3956D46DE8}") = "Pos", "Pos", "{60FDE614-BCE9-4993-B005-0C1807BF042E}"
EndProject
Project("{FAE04EC0-301F-11D3-BF4B-00C04F79EFBC}") = "Membership", "Membership\Membership.csproj", "{3D1C67EE-3AA3-4B1C-828E-F8CF510FBCBE}"
EndProject
Project("{FAE04EC0-301F-11D3-BF4B-00C04F79EFBC}") = "Pos", "Pos\Pos.csproj", "{683C1020-ABCB-4BE3-ADBA-CA00DC1DBA14}"
EndProject
Project("{FAE04EC0-301F-11D3-BF4B-00C04F79EFBC}") = "Shared", "Shared\Shared.csproj", "{F8519222-753E-4F74-8EE1-5E2CC083B3C5}"
EndProject
Global
	GlobalSection(SolutionConfigurationPlatforms) = preSolution
		Debug|Any CPU = Debug|Any CPU
		Release|Any CPU = Release|Any CPU
	EndGlobalSection
	GlobalSection(NestedProjects) = preSolution
		{F44268B9-D5F9-470E-B5C6-16D1A99DD3BA} = {E4956E0B-6739-4C45-B8F8-9D2D2C93C87E}
		{0A08EC5E-85DC-40D9-B6E3-5653EEC7FF4D} = {2BDBAD97-3E20-44CE-A9CA-3629454CCB4B}
		{60FDE614-BCE9-4993-B005-0C1807BF042E} = {2BDBAD97-3E20-44CE-A9CA-3629454CCB4B}
		{3D1C67EE-3AA3-4B1C-828E-F8CF510FBCBE} = {0A08EC5E-85DC-40D9-B6E3-5653EEC7FF4D}
		{683C1020-ABCB-4BE3-ADBA-CA00DC1DBA14} = {60FDE614-BCE9-4993-B005-0C1807BF042E}
		{F8519222-753E-4F74-8EE1-5E2CC083B3C5} = {227B4153-E2FA-4A14-9A4E-A9CCC2262821}
	EndGlobalSection
	GlobalSection(ProjectConfigurationPlatforms) = postSolution
		{F44268B9-D5F9-470E-B5C6-16D1A99DD3BA}.Debug|Any CPU.ActiveCfg = Debug|Any CPU
		{F44268B9-D5F9-470E-B5C6-16D1A99DD3BA}.Debug|Any CPU.Build.0 = Debug|Any CPU
		{F44268B9-D5F9-470E-B5C6-16D1A99DD3BA}.Release|Any CPU.ActiveCfg = Release|Any CPU
		{F44268B9-D5F9-470E-B5C6-16D1A99DD3BA}.Release|Any CPU.Build.0 = Release|Any CPU
		{3D1C67EE-3AA3-4B1C-828E-F8CF510FBCBE}.Debug|Any CPU.ActiveCfg = Debug|Any CPU
		{3D1C67EE-3AA3-4B1C-828E-F8CF510FBCBE}.Debug|Any CPU.Build.0 = Debug|Any CPU
		{3D1C67EE-3AA3-4B1C-828E-F8CF510FBCBE}.Release|Any CPU.ActiveCfg = Release|Any CPU
		{3D1C67EE-3AA3-4B1C-828E-F8CF510FBCBE}.Release|Any CPU.Build.0 = Release|Any CPU
		{683C1020-ABCB-4BE3-ADBA-CA00DC1DBA14}.Debug|Any CPU.ActiveCfg = Debug|Any CPU
		{683C1020-ABCB-4BE3-ADBA-CA00DC1DBA14}.Debug|Any CPU.Build.0 = Debug|Any CPU
		{683C1020-ABCB-4BE3-ADBA-CA00DC1DBA14}.Release|Any CPU.ActiveCfg = Release|Any CPU
		{683C1020-ABCB-4BE3-ADBA-CA00DC1DBA14}.Release|Any CPU.Build.0 = Release|Any CPU
		{F8519222-753E-4F74-8EE1-5E2CC083B3C5}.Debug|Any CPU.ActiveCfg = Debug|Any CPU
		{F8519222-753E-4F74-8EE1-5E2CC083B3C5}.Debug|Any CPU.Build.0 = Debug|Any CPU
		{F8519222-753E-4F74-8EE1-5E2CC083B3C5}.Release|Any CPU.ActiveCfg = Release|Any CPU
		{F8519222-753E-4F74-8EE1-5E2CC083B3C5}.Release|Any CPU.Build.0 = Release|Any CPU
	EndGlobalSection
EndGlobal
